{
  "name": "single-pool-js",
  "lockfileVersion": 3,
  "requires": true,
  "packages": {
    "": {
      "dependencies": {
        "@solana/web3.js": "^2.0.0-experimental.ee9f3d8",
        "node-fetch": "^3.3.1"
      },
      "devDependencies": {
        "typescript": "^5.1.6"
      }
    },
    "node_modules/@metaplex-foundation/umi-options": {
      "version": "0.8.5",
      "resolved": "https://registry.npmjs.org/@metaplex-foundation/umi-options/-/umi-options-0.8.5.tgz",
      "integrity": "sha512-MYLmc6SPkIIeiG7xReAxHyTRWrIvKNCgFExPtvBazggCYev9sLpTOD0RmV5iYL9M2JVEMMgNtN2iJmhIGsSYyg=="
    },
    "node_modules/@metaplex-foundation/umi-public-keys": {
      "version": "0.8.2",
      "resolved": "https://registry.npmjs.org/@metaplex-foundation/umi-public-keys/-/umi-public-keys-0.8.2.tgz",
      "integrity": "sha512-66ZXWJAFtdfc228q61fPtdi5o3ILqinhdf84rT2lYy21SzoLNcveqm4sbp5pDJ482hBU6xAs8W6xeGpzTTBRDw==",
      "dependencies": {
        "@metaplex-foundation/umi-serializers-encodings": "^0.8.2"
      }
    },
    "node_modules/@metaplex-foundation/umi-serializers": {
      "version": "0.8.5",
      "resolved": "https://registry.npmjs.org/@metaplex-foundation/umi-serializers/-/umi-serializers-0.8.5.tgz",
      "integrity": "sha512-mCOdcV2KfyFtf9zfA/4VXQR+QULQY0R76V9QISjOxf+b9ltxZy5q84VMuDLHTk12RTHnTaKnxrfk125acqaPpA==",
      "dependencies": {
        "@metaplex-foundation/umi-options": "^0.8.5",
        "@metaplex-foundation/umi-public-keys": "^0.8.2",
        "@metaplex-foundation/umi-serializers-core": "^0.8.2",
        "@metaplex-foundation/umi-serializers-encodings": "^0.8.2",
        "@metaplex-foundation/umi-serializers-numbers": "^0.8.2"
      }
    },
    "node_modules/@metaplex-foundation/umi-serializers-core": {
      "version": "0.8.2",
      "resolved": "https://registry.npmjs.org/@metaplex-foundation/umi-serializers-core/-/umi-serializers-core-0.8.2.tgz",
      "integrity": "sha512-grncCh1iyMmoWuFowulLMaoQOdetnVVa+m7CXXxEQ340ygnH3ls8WWBHHnP338309DCsRN2J+pPbqwkOHF/3yA=="
    },
    "node_modules/@metaplex-foundation/umi-serializers-encodings": {
      "version": "0.8.2",
      "resolved": "https://registry.npmjs.org/@metaplex-foundation/umi-serializers-encodings/-/umi-serializers-encodings-0.8.2.tgz",
      "integrity": "sha512-Em9oxKSHlY30upbQ40V5zV82+gIfKqYpcGkoHAM5ensDx6G0JKLthooazLdSp1hHOP5QfwOpL+Srj76MXyoq4Q==",
      "dependencies": {
        "@metaplex-foundation/umi-serializers-core": "^0.8.2"
      }
    },
    "node_modules/@metaplex-foundation/umi-serializers-numbers": {
      "version": "0.8.2",
      "resolved": "https://registry.npmjs.org/@metaplex-foundation/umi-serializers-numbers/-/umi-serializers-numbers-0.8.2.tgz",
      "integrity": "sha512-STQEKGjkFXmG5okZHw9z3mXpHGf6SAcH5xr0K49mb5NIOY9icW9YZEVaccIhUpwYykMXgUI3IEetR2Rmrvhs0Q==",
      "dependencies": {
        "@metaplex-foundation/umi-serializers-core": "^0.8.2"
      }
    },
    "node_modules/@solana/instructions": {
      "version": "2.0.0-experimental.ee9f3d8",
      "resolved": "https://registry.npmjs.org/@solana/instructions/-/instructions-2.0.0-experimental.ee9f3d8.tgz",
      "integrity": "sha512-Gzfq7rObLlW6WrRO0oQkn2U7/0hgxyRCLx83YpSRXaL1IV0Zn61YXG5NPV1wGlftEKzvyA7U1v3t3uNZtV1IdA=="
    },
    "node_modules/@solana/keys": {
      "version": "2.0.0-experimental.ee9f3d8",
      "resolved": "https://registry.npmjs.org/@solana/keys/-/keys-2.0.0-experimental.ee9f3d8.tgz",
      "integrity": "sha512-+eW+QIY5F0g//gAVNey7Nb4yqeW4AKdHf5Tb15VyYPaYxTiHCNBbyyM3ykYtPgkWFrrzUWOOnNi0erUbZq0UKA==",
      "dependencies": {
        "@metaplex-foundation/umi-serializers": "^0.8.2"
      }
    },
    "node_modules/@solana/rpc-core": {
      "version": "2.0.0-experimental.ee9f3d8",
      "resolved": "https://registry.npmjs.org/@solana/rpc-core/-/rpc-core-2.0.0-experimental.ee9f3d8.tgz",
      "integrity": "sha512-IqW5ThsbJZZQpLc76RUM5AVxSmSzDHNRmYvWTLEhRMOVeSHuZhjrRDbIL955FCy2qOuIijp7y3oF6uTR2c7FGQ==",
      "dependencies": {
        "@metaplex-foundation/umi-serializers-encodings": "^0.8.2",
        "@solana/keys": "2.0.0-experimental.ee9f3d8"
      }
    },
    "node_modules/@solana/rpc-transport": {
      "version": "2.0.0-experimental.ee9f3d8",
      "resolved": "https://registry.npmjs.org/@solana/rpc-transport/-/rpc-transport-2.0.0-experimental.ee9f3d8.tgz",
      "integrity": "sha512-KqZDqHFQHch3fXBQGfF8zEpzDetBtLgJmErT4ovtZ3w4dZAeW7+6vYJawGgqaek6/Lp0cn4rYi0LXOX8fpLpFA=="
    },
    "node_modules/@solana/web3.js": {
      "version": "2.0.0-experimental.ee9f3d8",
      "resolved": "https://registry.npmjs.org/@solana/web3.js/-/web3.js-2.0.0-experimental.ee9f3d8.tgz",
      "integrity": "sha512-SitpNef9aCMnO6utgapmHTCuSdwzd2/mJUDMzkmjXUcF8fMrS9xV72jwS8Bvc4fQvuy9E6iUCo6ImATwxoRS0Q==",
      "dependencies": {
        "@solana/instructions": "2.0.0-experimental.ee9f3d8",
        "@solana/keys": "2.0.0-experimental.ee9f3d8",
        "@solana/rpc-core": "2.0.0-experimental.ee9f3d8",
        "@solana/rpc-transport": "2.0.0-experimental.ee9f3d8",
        "fast-stable-stringify": "^1.0.0"
      }
    },
    "node_modules/data-uri-to-buffer": {
      "version": "4.0.1",
      "resolved": "https://registry.npmjs.org/data-uri-to-buffer/-/data-uri-to-buffer-4.0.1.tgz",
      "integrity": "sha512-0R9ikRb668HB7QDxT1vkpuUBtqc53YyAwMwGeUFKRojY/NWKvdZ+9UYtRfGmhqNbRkTSVpMbmyhXipFFv2cb/A==",
      "engines": {
        "node": ">= 12"
      }
    },
    "node_modules/fast-stable-stringify": {
      "version": "1.0.0",
      "resolved": "https://registry.npmjs.org/fast-stable-stringify/-/fast-stable-stringify-1.0.0.tgz",
      "integrity": "sha512-wpYMUmFu5f00Sm0cj2pfivpmawLZ0NKdviQ4w9zJeR8JVtOpOxHmLaJuj0vxvGqMJQWyP/COUkF75/57OKyRag=="
    },
    "node_modules/fetch-blob": {
      "version": "3.2.0",
      "resolved": "https://registry.npmjs.org/fetch-blob/-/fetch-blob-3.2.0.tgz",
      "integrity": "sha512-7yAQpD2UMJzLi1Dqv7qFYnPbaPx7ZfFK6PiIxQ4PfkGPyNyl2Ugx+a/umUonmKqjhM4DnfbMvdX6otXq83soQQ==",
      "funding": [
        {
          "type": "github",
          "url": "https://github.com/sponsors/jimmywarting"
        },
        {
          "type": "paypal",
          "url": "https://paypal.me/jimmywarting"
        }
      ],
      "dependencies": {
        "node-domexception": "^1.0.0",
        "web-streams-polyfill": "^3.0.3"
      },
      "engines": {
        "node": "^12.20 || >= 14.13"
      }
    },
    "node_modules/formdata-polyfill": {
      "version": "4.0.10",
      "resolved": "https://registry.npmjs.org/formdata-polyfill/-/formdata-polyfill-4.0.10.tgz",
      "integrity": "sha512-buewHzMvYL29jdeQTVILecSaZKnt/RJWjoZCF5OW60Z67/GmSLBkOFM7qh1PI3zFNtJbaZL5eQu1vLfazOwj4g==",
      "dependencies": {
        "fetch-blob": "^3.1.2"
      },
      "engines": {
        "node": ">=12.20.0"
      }
    },
    "node_modules/node-domexception": {
      "version": "1.0.0",
      "resolved": "https://registry.npmjs.org/node-domexception/-/node-domexception-1.0.0.tgz",
      "integrity": "sha512-/jKZoMpw0F8GRwl4/eLROPA3cfcXtLApP0QzLmUT/HuPCZWyB7IY9ZrMeKw2O/nFIqPQB3PVM9aYm0F312AXDQ==",
      "funding": [
        {
          "type": "github",
          "url": "https://github.com/sponsors/jimmywarting"
        },
        {
          "type": "github",
          "url": "https://paypal.me/jimmywarting"
        }
      ],
      "engines": {
        "node": ">=10.5.0"
      }
    },
    "node_modules/node-fetch": {
      "version": "3.3.1",
      "resolved": "https://registry.npmjs.org/node-fetch/-/node-fetch-3.3.1.tgz",
      "integrity": "sha512-cRVc/kyto/7E5shrWca1Wsea4y6tL9iYJE5FBCius3JQfb/4P4I295PfhgbJQBLTx6lATE4z+wK0rPM4VS2uow==",
      "dependencies": {
        "data-uri-to-buffer": "^4.0.0",
        "fetch-blob": "^3.1.4",
        "formdata-polyfill": "^4.0.10"
      },
      "engines": {
        "node": "^12.20.0 || ^14.13.1 || >=16.0.0"
      },
      "funding": {
        "type": "opencollective",
        "url": "https://opencollective.com/node-fetch"
      }
    },
    "node_modules/typescript": {
      "version": "5.1.6",
      "resolved": "https://registry.npmjs.org/typescript/-/typescript-5.1.6.tgz",
      "integrity": "sha512-zaWCozRZ6DLEWAWFrVDz1H6FVXzUSfTy5FUMWsQlU8Ym5JP9eO4xkTIROFCQvhQf61z6O/G6ugw3SgAnvvm+HA==",
      "dev": true,
      "bin": {
        "tsc": "bin/tsc",
        "tsserver": "bin/tsserver"
      },
      "engines": {
        "node": ">=14.17"
      }
    },
    "node_modules/web-streams-polyfill": {
      "version": "3.2.1",
      "resolved": "https://registry.npmjs.org/web-streams-polyfill/-/web-streams-polyfill-3.2.1.tgz",
      "integrity": "sha512-e0MO3wdXWKrLbL0DgGnUV7WHVuw9OUvL4hjgnPkIeEvESk74gAITi5G606JtZPp39cd8HA9VQzCIvA49LpPN5Q==",
      "engines": {
        "node": ">= 8"
      }
    }
  }
}
